Microsoft Visual Studio Solution File, Format Version 12.00
# Visual Studio Version 17
VisualStudioVersion = 17.5.2.0
MinimumVisualStudioVersion = 10.0.40219.1
Project("{FAE04EC0-301F-11D3-BF4B-00C04F79EFBC}") = "VendasMTG.Api", "VendasMTG.Api.csproj", "{A17F2B26-D4FA-89C7-FCBD-D01F3585E4E8}"
EndProject
Global
	GlobalSection(SolutionConfigurationPlatforms) = preSolution
		Debug|Any CPU = Debug|Any CPU
		Release|Any CPU = Release|Any CPU
	EndGlobalSection
	GlobalSection(ProjectConfigurationPlatforms) = postSolution
		{A17F2B26-D4FA-89C7-FCBD-D01F3585E4E8}.Debug|Any CPU.ActiveCfg = Debug|Any CPU
		{A17F2B26-D4FA-89C7-FCBD-D01F3585E4E8}.Debug|Any CPU.Build.0 = Debug|Any CPU
		{A17F2B26-D4FA-89C7-FCBD-D01F3585E4E8}.Release|Any CPU.ActiveCfg = Release|Any CPU
		{A17F2B26-D4FA-89C7-FCBD-D01F3585E4E8}.Release|Any CPU.Build.0 = Release|Any CPU
	EndGlobalSection
	GlobalSection(SolutionProperties) = preSolution
		HideSolutionNode = FALSE
	EndGlobalSection
	GlobalSection(ExtensibilityGlobals) = postSolution
		SolutionGuid = {90D079AA-F101-4912-97EC-26159E1AFC1F}
	EndGlobalSection
EndGlobal
